
Microsoft Visual Studio Solution File, Format Version 12.00
# Visual Studio Version 17
VisualStudioVersion = 17.0.31903.59
MinimumVisualStudioVersion = 10.0.40219.1
Project("{9A19103F-16F7-4668-BE54-9A1E7A4F7556}") = "Fina.Web", "Fina.Web\Fina.Web.csproj", "{EB0A2F77-64DE-4A35-AB93-26D6B7EAF6D3}"
EndProject
Project("{9A19103F-16F7-4668-BE54-9A1E7A4F7556}") = "Fina.Api", "Fina.Api\Fina.Api.csproj", "{E32ACBBE-593D-4232-B9DD-B656F57A0B6E}"
EndProject
Project("{9A19103F-16F7-4668-BE54-9A1E7A4F7556}") = "Fina.Core", "Fina.Core\Fina.Core.csproj", "{B58CF9CD-20A9-4A68-A625-5822DC76C656}"
EndProject
Global
	GlobalSection(SolutionConfigurationPlatforms) = preSolution
		Debug|Any CPU = Debug|Any CPU
		Release|Any CPU = Release|Any CPU
	EndGlobalSection
	GlobalSection(ProjectConfigurationPlatforms) = postSolution
		{EB0A2F77-64DE-4A35-AB93-26D6B7EAF6D3}.Debug|Any CPU.ActiveCfg = Debug|Any CPU
		{EB0A2F77-64DE-4A35-AB93-26D6B7EAF6D3}.Debug|Any CPU.Build.0 = Debug|Any CPU
		{EB0A2F77-64DE-4A35-AB93-26D6B7EAF6D3}.Release|Any CPU.ActiveCfg = Release|Any CPU
		{EB0A2F77-64DE-4A35-AB93-26D6B7EAF6D3}.Release|Any CPU.Build.0 = Release|Any CPU
		{E32ACBBE-593D-4232-B9DD-B656F57A0B6E}.Debug|Any CPU.ActiveCfg = Debug|Any CPU
		{E32ACBBE-593D-4232-B9DD-B656F57A0B6E}.Debug|Any CPU.Build.0 = Debug|Any CPU
		{E32ACBBE-593D-4232-B9DD-B656F57A0B6E}.Release|Any CPU.ActiveCfg = Release|Any CPU
		{E32ACBBE-593D-4232-B9DD-B656F57A0B6E}.Release|Any CPU.Build.0 = Release|Any CPU
		{B58CF9CD-20A9-4A68-A625-5822DC76C656}.Debug|Any CPU.ActiveCfg = Debug|Any CPU
		{B58CF9CD-20A9-4A68-A625-5822DC76C656}.Debug|Any CPU.Build.0 = Debug|Any CPU
		{B58CF9CD-20A9-4A68-A625-5822DC76C656}.Release|Any CPU.ActiveCfg = Release|Any CPU
		{B58CF9CD-20A9-4A68-A625-5822DC76C656}.Release|Any CPU.Build.0 = Release|Any CPU
	EndGlobalSection
	GlobalSection(SolutionProperties) = preSolution
		HideSolutionNode = FALSE
	EndGlobalSection
	GlobalSection(ExtensibilityGlobals) = postSolution
		SolutionGuid = {2D812758-9A9F-403D-800A-88DDC874500F}
	EndGlobalSection
EndGlobal
